// !$*UTF8*$!
{
	archiveVersion = 1;
	classes = {
	};
	objectVersion = 46;
	objects = {

/* Begin PBXBuildFile section */
		485D085C1B7D84AA006733DF /* AppDelegate.swift in Sources */ = {isa = PBXBuildFile; fileRef = 485D085B1B7D84AA006733DF /* AppDelegate.swift */; };
		485D085E1B7D84AA006733DF /* ViewController.swift in Sources */ = {isa = PBXBuildFile; fileRef = 485D085D1B7D84AA006733DF /* ViewController.swift */; };
		485D08611B7D84AA006733DF /* Main.storyboard in Resources */ = {isa = PBXBuildFile; fileRef = 485D085F1B7D84AA006733DF /* Main.storyboard */; };
		485D08631B7D84AA006733DF /* Images.xcassets in Resources */ = {isa = PBXBuildFile; fileRef = 485D08621B7D84AA006733DF /* Images.xcassets */; };
		485D08661B7D84AA006733DF /* LaunchScreen.xib in Resources */ = {isa = PBXBuildFile; fileRef = 485D08641B7D84AA006733DF /* LaunchScreen.xib */; };
		485D08721B7D84AA006733DF /* SMaiSuLangTests.swift in Sources */ = {isa = PBXBuildFile; fileRef = 485D08711B7D84AA006733DF /* SMaiSuLangTests.swift */; };
		485D087C1B7D8518006733DF /* HomePage.swift in Sources */ = {isa = PBXBuildFile; fileRef = 485D087B1B7D8518006733DF /* HomePage.swift */; };
		485D087E1B7D8549006733DF /* SpotSupply.swift in Sources */ = {isa = PBXBuildFile; fileRef = 485D087D1B7D8548006733DF /* SpotSupply.swift */; };
		485D08801B7D8568006733DF /* Consulting.swift in Sources */ = {isa = PBXBuildFile; fileRef = 485D087F1B7D8568006733DF /* Consulting.swift */; };
		485D08821B7D858E006733DF /* PPtable.swift in Sources */ = {isa = PBXBuildFile; fileRef = 485D08811B7D858E006733DF /* PPtable.swift */; };
		486DC7081B844CD30017C877 /* home1@2x.png in Resources */ = {isa = PBXBuildFile; fileRef = 486DC6F81B844CD30017C877 /* home1@2x.png */; };
		486DC7091B844CD30017C877 /* home1@3x.png in Resources */ = {isa = PBXBuildFile; fileRef = 486DC6F91B844CD30017C877 /* home1@3x.png */; };
		486DC70A1B844CD30017C877 /* home@2x.png in Resources */ = {isa = PBXBuildFile; fileRef = 486DC6FA1B844CD30017C877 /* home@2x.png */; };
		486DC70B1B844CD30017C877 /* home@3x.png in Resources */ = {isa = PBXBuildFile; fileRef = 486DC6FB1B844CD30017C877 /* home@3x.png */; };
		486DC70C1B844CD30017C877 /* news1@2x.png in Resources */ = {isa = PBXBuildFile; fileRef = 486DC6FC1B844CD30017C877 /* news1@2x.png */; };
		486DC70D1B844CD30017C877 /* news1@3x.png in Resources */ = {isa = PBXBuildFile; fileRef = 486DC6FD1B844CD30017C877 /* news1@3x.png */; };
		486DC70E1B844CD30017C877 /* news@2x.png in Resources */ = {isa = PBXBuildFile; fileRef = 486DC6FE1B844CD30017C877 /* news@2x.png */; };
		486DC70F1B844CD30017C877 /* news@3x.png in Resources */ = {isa = PBXBuildFile; fileRef = 486DC6FF1B844CD30017C877 /* news@3x.png */; };
		486DC7101B844CD30017C877 /* sort1@2x.png in Resources */ = {isa = PBXBuildFile; fileRef = 486DC7001B844CD30017C877 /* sort1@2x.png */; };
		486DC7111B844CD30017C877 /* sort1@3x.png in Resources */ = {isa = PBXBuildFile; fileRef = 486DC7011B844CD30017C877 /* sort1@3x.png */; };
		486DC7121B844CD30017C877 /* sort@2x.png in Resources */ = {isa = PBXBuildFile; fileRef = 486DC7021B844CD30017C877 /* sort@2x.png */; };
		486DC7131B844CD30017C877 /* sort@3x.png in Resources */ = {isa = PBXBuildFile; fileRef = 486DC7031B844CD30017C877 /* sort@3x.png */; };
		486DC7141B844CD30017C877 /* xianhuo1@2x.png in Resources */ = {isa = PBXBuildFile; fileRef = 486DC7041B844CD30017C877 /* xianhuo1@2x.png */; };
		486DC7151B844CD30017C877 /* xianhuo1@3x.png in Resources */ = {isa = PBXBuildFile; fileRef = 486DC7051B844CD30017C877 /* xianhuo1@3x.png */; };
		486DC7161B844CD30017C877 /* xianhuo@2x.png in Resources */ = {isa = PBXBuildFile; fileRef = 486DC7061B844CD30017C877 /* xianhuo@2x.png */; };
		486DC7171B844CD30017C877 /* xianhuo@3x.png in Resources */ = {isa = PBXBuildFile; fileRef = 486DC7071B844CD30017C877 /* xianhuo@3x.png */; };
		48BA067A1B7DC3F000B667E8 /* user.png in Resources */ = {isa = PBXBuildFile; fileRef = 48BA06791B7DC3F000B667E8 /* user.png */; };
/* End PBXBuildFile section */

/* Begin PBXContainerItemProxy section */
		485D086C1B7D84AA006733DF /* PBXContainerItemProxy */ = {
			isa = PBXContainerItemProxy;
			containerPortal = 485D084E1B7D84A9006733DF /* Project object */;
			proxyType = 1;
			remoteGlobalIDString = 485D08551B7D84AA006733DF;
			remoteInfo = SMaiSuLang;
		};
/* End PBXContainerItemProxy section */

/* Begin PBXFileReference section */
		485D08561B7D84AA006733DF /* SMaiSuLang.app */ = {isa = PBXFileReference; explicitFileType = wrapper.application; includeInIndex = 0; path = SMaiSuLang.app; sourceTree = BUILT_PRODUCTS_DIR; };
		485D085A1B7D84AA006733DF /* Info.plist */ = {isa = PBXFileReference; lastKnownFileType = text.plist.xml; path = Info.plist; sourceTree = "<group>"; };
		485D085B1B7D84AA006733DF /* AppDelegate.swift */ = {isa = PBXFileReference; lastKnownFileType = sourcecode.swift; path = AppDelegate.swift; sourceTree = "<group>"; };
		485D085D1B7D84AA006733DF /* ViewController.swift */ = {isa = PBXFileReference; lastKnownFileType = sourcecode.swift; path = ViewController.swift; sourceTree = "<group>"; };
		485D08601B7D84AA006733DF /* Base */ = {isa = PBXFileReference; lastKnownFileType = file.storyboard; name = Base; path = Base.lproj/Main.storyboard; sourceTree = "<group>"; };
		485D08621B7D84AA006733DF /* Images.xcassets */ = {isa = PBXFileReference; lastKnownFileType = folder.assetcatalog; path = Images.xcassets; sourceTree = "<group>"; };
		485D08651B7D84AA006733DF /* Base */ = {isa = PBXFileReference; lastKnownFileType = file.xib; name = Base; path = Base.lproj/LaunchScreen.xib; sourceTree = "<group>"; };
		485D086B1B7D84AA006733DF /* SMaiSuLangTests.xctest */ = {isa = PBXFileReference; explicitFileType = wrapper.cfbundle; includeInIndex = 0; path = SMaiSuLangTests.xctest; sourceTree = BUILT_PRODUCTS_DIR; };
		485D08701B7D84AA006733DF /* Info.plist */ = {isa = PBXFileReference; lastKnownFileType = text.plist.xml; path = Info.plist; sourceTree = "<group>"; };
		485D08711B7D84AA006733DF /* SMaiSuLangTests.swift */ = {isa = PBXFileReference; lastKnownFileType = sourcecode.swift; path = SMaiSuLangTests.swift; sourceTree = "<group>"; };
		485D087B1B7D8518006733DF /* HomePage.swift */ = {isa = PBXFileReference; fileEncoding = 4; lastKnownFileType = sourcecode.swift; path = HomePage.swift; sourceTree = "<group>"; };
		485D087D1B7D8548006733DF /* SpotSupply.swift */ = {isa = PBXFileReference; fileEncoding = 4; lastKnownFileType = sourcecode.swift; path = SpotSupply.swift; sourceTree = "<group>"; };
		485D087F1B7D8568006733DF /* Consulting.swift */ = {isa = PBXFileReference; fileEncoding = 4; lastKnownFileType = sourcecode.swift; path = Consulting.swift; sourceTree = "<group>"; };
		485D08811B7D858E006733DF /* PPtable.swift */ = {isa = PBXFileReference; fileEncoding = 4; lastKnownFileType = sourcecode.swift; path = PPtable.swift; sourceTree = "<group>"; };
		486DC6F81B844CD30017C877 /* home1@2x.png */ = {isa = PBXFileReference; lastKnownFileType = image.png; path = "home1@2x.png"; sourceTree = "<group>"; };
		486DC6F91B844CD30017C877 /* home1@3x.png */ = {isa = PBXFileReference; lastKnownFileType = image.png; path = "home1@3x.png"; sourceTree = "<group>"; };
		486DC6FA1B844CD30017C877 /* home@2x.png */ = {isa = PBXFileReference; lastKnownFileType = image.png; path = "home@2x.png"; sourceTree = "<group>"; };
		486DC6FB1B844CD30017C877 /* home@3x.png */ = {isa = PBXFileReference; lastKnownFileType = image.png; path = "home@3x.png"; sourceTree = "<group>"; };
		486DC6FC1B844CD30017C877 /* news1@2x.png */ = {isa = PBXFileReference; lastKnownFileType = image.png; path = "news1@2x.png"; sourceTree = "<group>"; };
		486DC6FD1B844CD30017C877 /* news1@3x.png */ = {isa = PBXFileReference; lastKnownFileType = image.png; path = "news1@3x.png"; sourceTree = "<group>"; };
		486DC6FE1B844CD30017C877 /* news@2x.png */ = {isa = PBXFileReference; lastKnownFileType = image.png; path = "news@2x.png"; sourceTree = "<group>"; };
		486DC6FF1B844CD30017C877 /* news@3x.png */ = {isa = PBXFileReference; lastKnownFileType = image.png; path = "news@3x.png"; sourceTree = "<group>"; };
		486DC7001B844CD30017C877 /* sort1@2x.png */ = {isa = PBXFileReference; lastKnownFileType = image.png; path = "sort1@2x.png"; sourceTree = "<group>"; };
		486DC7011B844CD30017C877 /* sort1@3x.png */ = {isa = PBXFileReference; lastKnownFileType = image.png; path = "sort1@3x.png"; sourceTree = "<group>"; };
		486DC7021B844CD30017C877 /* sort@2x.png */ = {isa = PBXFileReference; lastKnownFileType = image.png; path = "sort@2x.png"; sourceTree = "<group>"; };
		486DC7031B844CD30017C877 /* sort@3x.png */ = {isa = PBXFileReference; lastKnownFileType = image.png; path = "sort@3x.png"; sourceTree = "<group>"; };
		486DC7041B844CD30017C877 /* xianhuo1@2x.png */ = {isa = PBXFileReference; lastKnownFileType = image.png; path = "xianhuo1@2x.png"; sourceTree = "<group>"; };
		486DC7051B844CD30017C877 /* xianhuo1@3x.png */ = {isa = PBXFileReference; lastKnownFileType = image.png; path = "xianhuo1@3x.png"; sourceTree = "<group>"; };
		486DC7061B844CD30017C877 /* xianhuo@2x.png */ = {isa = PBXFileReference; lastKnownFileType = image.png; path = "xianhuo@2x.png"; sourceTree = "<group>"; };
		486DC7071B844CD30017C877 /* xianhuo@3x.png */ = {isa = PBXFileReference; lastKnownFileType = image.png; path = "xianhuo@3x.png"; sourceTree = "<group>"; };
		48BA06791B7DC3F000B667E8 /* user.png */ = {isa = PBXFileReference; lastKnownFileType = image.png; path = user.png; sourceTree = "<group>"; };
/* End PBXFileReference section */

/* Begin PBXFrameworksBuildPhase section */
		485D08531B7D84AA006733DF /* Frameworks */ = {
			isa = PBXFrameworksBuildPhase;
			buildActionMask = 2147483647;
			files = (
			);
			runOnlyForDeploymentPostprocessing = 0;
		};
		485D08681B7D84AA006733DF /* Frameworks */ = {
			isa = PBXFrameworksBuildPhase;
			buildActionMask = 2147483647;
			files = (
			);
			runOnlyForDeploymentPostprocessing = 0;
		};
/* End PBXFrameworksBuildPhase section */

/* Begin PBXGroup section */
		485D084D1B7D84A9006733DF = {
			isa = PBXGroup;
			children = (
				485D08581B7D84AA006733DF /* SMaiSuLang */,
				485D086E1B7D84AA006733DF /* SMaiSuLangTests */,
				485D08571B7D84AA006733DF /* Products */,
			);
			sourceTree = "<group>";
		};
		485D08571B7D84AA006733DF /* Products */ = {
			isa = PBXGroup;
			children = (
				485D08561B7D84AA006733DF /* SMaiSuLang.app */,
				485D086B1B7D84AA006733DF /* SMaiSuLangTests.xctest */,
			);
			name = Products;
			sourceTree = "<group>";
		};
		485D08581B7D84AA006733DF /* SMaiSuLang */ = {
			isa = PBXGroup;
			children = (
				485D085B1B7D84AA006733DF /* AppDelegate.swift */,
				485D085D1B7D84AA006733DF /* ViewController.swift */,
				485D087B1B7D8518006733DF /* HomePage.swift */,
				485D087D1B7D8548006733DF /* SpotSupply.swift */,
				485D087F1B7D8568006733DF /* Consulting.swift */,
				485D08811B7D858E006733DF /* PPtable.swift */,
				48BA06791B7DC3F000B667E8 /* user.png */,
				485D085F1B7D84AA006733DF /* Main.storyboard */,
				485D08621B7D84AA006733DF /* Images.xcassets */,
				485D08641B7D84AA006733DF /* LaunchScreen.xib */,
				486DC6F71B844CD30017C877 /* tabbarImg */,
				485D08591B7D84AA006733DF /* Supporting Files */,
			);
			path = SMaiSuLang;
			sourceTree = "<group>";
		};
		485D08591B7D84AA006733DF /* Supporting Files */ = {
			isa = PBXGroup;
			children = (
				485D085A1B7D84AA006733DF /* Info.plist */,
			);
			name = "Supporting Files";
			sourceTree = "<group>";
		};
		485D086E1B7D84AA006733DF /* SMaiSuLangTests */ = {
			isa = PBXGroup;
			children = (
				485D08711B7D84AA006733DF /* SMaiSuLangTests.swift */,
				485D086F1B7D84AA006733DF /* Supporting Files */,
			);
			path = SMaiSuLangTests;
			sourceTree = "<group>";
		};
		485D086F1B7D84AA006733DF /* Supporting Files */ = {
			isa = PBXGroup;
			children = (
				485D08701B7D84AA006733DF /* Info.plist */,
			);
			name = "Supporting Files";
			sourceTree = "<group>";
		};
		486DC6F71B844CD30017C877 /* tabbarImg */ = {
			isa = PBXGroup;
			children = (
				486DC6F81B844CD30017C877 /* home1@2x.png */,
				486DC6F91B844CD30017C877 /* home1@3x.png */,
				486DC6FA1B844CD30017C877 /* home@2x.png */,
				486DC6FB1B844CD30017C877 /* home@3x.png */,
				486DC6FC1B844CD30017C877 /* news1@2x.png */,
				486DC6FD1B844CD30017C877 /* news1@3x.png */,
				486DC6FE1B844CD30017C877 /* news@2x.png */,
				486DC6FF1B844CD30017C877 /* news@3x.png */,
				486DC7001B844CD30017C877 /* sort1@2x.png */,
				486DC7011B844CD30017C877 /* sort1@3x.png */,
				486DC7021B844CD30017C877 /* sort@2x.png */,
				486DC7031B844CD30017C877 /* sort@3x.png */,
				486DC7041B844CD30017C877 /* xianhuo1@2x.png */,
				486DC7051B844CD30017C877 /* xianhuo1@3x.png */,
				486DC7061B844CD30017C877 /* xianhuo@2x.png */,
				486DC7071B844CD30017C877 /* xianhuo@3x.png */,
			);
			path = tabbarImg;
			sourceTree = "<group>";
		};
/* End PBXGroup section */

/* Begin PBXNativeTarget section */
		485D08551B7D84AA006733DF /* SMaiSuLang */ = {
			isa = PBXNativeTarget;
			buildConfigurationList = 485D08751B7D84AA006733DF /* Build configuration list for PBXNativeTarget "SMaiSuLang" */;
			buildPhases = (
				485D08521B7D84AA006733DF /* Sources */,
				485D08531B7D84AA006733DF /* Frameworks */,
				485D08541B7D84AA006733DF /* Resources */,
			);
			buildRules = (
			);
			dependencies = (
			);
			name = SMaiSuLang;
			productName = SMaiSuLang;
			productReference = 485D08561B7D84AA006733DF /* SMaiSuLang.app */;
			productType = "com.apple.product-type.application";
		};
		485D086A1B7D84AA006733DF /* SMaiSuLangTests */ = {
			isa = PBXNativeTarget;
			buildConfigurationList = 485D08781B7D84AA006733DF /* Build configuration list for PBXNativeTarget "SMaiSuLangTests" */;
			buildPhases = (
				485D08671B7D84AA006733DF /* Sources */,
				485D08681B7D84AA006733DF /* Frameworks */,
				485D08691B7D84AA006733DF /* Resources */,
			);
			buildRules = (
			);
			dependencies = (
				485D086D1B7D84AA006733DF /* PBXTargetDependency */,
			);
			name = SMaiSuLangTests;
			productName = SMaiSuLangTests;
			productReference = 485D086B1B7D84AA006733DF /* SMaiSuLangTests.xctest */;
			productType = "com.apple.product-type.bundle.unit-test";
		};
/* End PBXNativeTarget section */

/* Begin PBXProject section */
		485D084E1B7D84A9006733DF /* Project object */ = {
			isa = PBXProject;
			attributes = {
				LastUpgradeCheck = 0630;
				ORGANIZATIONNAME = "成良雨";
				TargetAttributes = {
					485D08551B7D84AA006733DF = {
						CreatedOnToolsVersion = 6.3.2;
					};
					485D086A1B7D84AA006733DF = {
						CreatedOnToolsVersion = 6.3.2;
						TestTargetID = 485D08551B7D84AA006733DF;
					};
				};
			};
			buildConfigurationList = 485D08511B7D84A9006733DF /* Build configuration list for PBXProject "SMaiSuLang" */;
			compatibilityVersion = "Xcode 3.2";
			developmentRegion = English;
			hasScannedForEncodings = 0;
			knownRegions = (
				en,
				Base,
			);
			mainGroup = 485D084D1B7D84A9006733DF;
			productRefGroup = 485D08571B7D84AA006733DF /* Products */;
			projectDirPath = "";
			projectRoot = "";
			targets = (
				485D08551B7D84AA006733DF /* SMaiSuLang */,
				485D086A1B7D84AA006733DF /* SMaiSuLangTests */,
			);
		};
/* End PBXProject section */

/* Begin PBXResourcesBuildPhase section */
		485D08541B7D84AA006733DF /* Resources */ = {
			isa = PBXResourcesBuildPhase;
			buildActionMask = 2147483647;
			files = (
				486DC7171B844CD30017C877 /* xianhuo@3x.png in Resources */,
				486DC7081B844CD30017C877 /* home1@2x.png in Resources */,
				486DC7141B844CD30017C877 /* xianhuo1@2x.png in Resources */,
				486DC7131B844CD30017C877 /* sort@3x.png in Resources */,
				486DC7111B844CD30017C877 /* sort1@3x.png in Resources */,
				48BA067A1B7DC3F000B667E8 /* user.png in Resources */,
				486DC7161B844CD30017C877 /* xianhuo@2x.png in Resources */,
				486DC70F1B844CD30017C877 /* news@3x.png in Resources */,
				486DC70E1B844CD30017C877 /* news@2x.png in Resources */,
				486DC7101B844CD30017C877 /* sort1@2x.png in Resources */,
				486DC70B1B844CD30017C877 /* home@3x.png in Resources */,
				486DC7121B844CD30017C877 /* sort@2x.png in Resources */,
				486DC7091B844CD30017C877 /* home1@3x.png in Resources */,
				486DC70C1B844CD30017C877 /* news1@2x.png in Resources */,
				485D08611B7D84AA006733DF /* Main.storyboard in Resources */,
				485D08661B7D84AA006733DF /* LaunchScreen.xib in Resources */,
				486DC70A1B844CD30017C877 /* home@2x.png in Resources */,
				486DC70D1B844CD30017C877 /* news1@3x.png in Resources */,
				486DC7151B844CD30017C877 /* xianhuo1@3x.png in Resources */,
				485D08631B7D84AA006733DF /* Images.xcassets in Resources */,
			);
			runOnlyForDeploymentPostprocessing = 0;
		};
		485D08691B7D84AA006733DF /* Resources */ = {
			isa = PBXResourcesBuildPhase;
			buildActionMask = 2147483647;
			files = (
			);
			runOnlyForDeploymentPostprocessing = 0;
		};
/* End PBXResourcesBuildPhase section */

/* Begin PBXSourcesBuildPhase section */
		485D08521B7D84AA006733DF /* Sources */ = {
			isa = PBXSourcesBuildPhase;
			buildActionMask = 2147483647;
			files = (
				485D08821B7D858E006733DF /* PPtable.swift in Sources */,
				485D085E1B7D84AA006733DF /* ViewController.swift in Sources */,
				485D08801B7D8568006733DF /* Consulting.swift in Sources */,
				485D087C1B7D8518006733DF /* HomePage.swift in Sources */,
				485D087E1B7D8549006733DF /* SpotSupply.swift in Sources */,
				485D085C1B7D84AA006733DF /* AppDelegate.swift in Sources */,
			);
			runOnlyForDeploymentPostprocessing = 0;
		};
		485D08671B7D84AA006733DF /* Sources */ = {
			isa = PBXSourcesBuildPhase;
			buildActionMask = 2147483647;
			files = (
				485D08721B7D84AA006733DF /* SMaiSuLangTests.swift in Sources */,
			);
			runOnlyForDeploymentPostprocessing = 0;
		};
/* End PBXSourcesBuildPhase section */

/* Begin PBXTargetDependency section */
		485D086D1B7D84AA006733DF /* PBXTargetDependency */ = {
			isa = PBXTargetDependency;
			target = 485D08551B7D84AA006733DF /* SMaiSuLang */;
			targetProxy = 485D086C1B7D84AA006733DF /* PBXContainerItemProxy */;
		};
/* End PBXTargetDependency section */

/* Begin PBXVariantGroup section */
		485D085F1B7D84AA006733DF /* Main.storyboard */ = {
			isa = PBXVariantGroup;
			children = (
				485D08601B7D84AA006733DF /* Base */,
			);
			name = Main.storyboard;
			sourceTree = "<group>";
		};
		485D08641B7D84AA006733DF /* LaunchScreen.xib */ = {
			isa = PBXVariantGroup;
			children = (
				485D08651B7D84AA006733DF /* Base */,
			);
			name = LaunchScreen.xib;
			sourceTree = "<group>";
		};
/* End PBXVariantGroup section */

/* Begin XCBuildConfiguration section */
		485D08731B7D84AA006733DF /* Debug */ = {
			isa = XCBuildConfiguration;
			buildSettings = {
				ALWAYS_SEARCH_USER_PATHS = NO;
				CLANG_CXX_LANGUAGE_STANDARD = "gnu++0x";
				CLANG_CXX_LIBRARY = "libc++";
				CLANG_ENABLE_MODULES = YES;
				CLANG_ENABLE_OBJC_ARC = YES;
				CLANG_WARN_BOOL_CONVERSION = YES;
				CLANG_WARN_CONSTANT_CONVERSION = YES;
				CLANG_WARN_DIRECT_OBJC_ISA_USAGE = YES_ERROR;
				CLANG_WARN_EMPTY_BODY = YES;
				CLANG_WARN_ENUM_CONVERSION = YES;
				CLANG_WARN_INT_CONVERSION = YES;
				CLANG_WARN_OBJC_ROOT_CLASS = YES_ERROR;
				CLANG_WARN_UNREACHABLE_CODE = YES;
				CLANG_WARN__DUPLICATE_METHOD_MATCH = YES;
				"CODE_SIGN_IDENTITY[sdk=iphoneos*]" = "iPhone Developer";
				COPY_PHASE_STRIP = NO;
				DEBUG_INFORMATION_FORMAT = "dwarf-with-dsym";
				ENABLE_STRICT_OBJC_MSGSEND = YES;
				GCC_C_LANGUAGE_STANDARD = gnu99;
				GCC_DYNAMIC_NO_PIC = NO;
				GCC_NO_COMMON_BLOCKS = YES;
				GCC_OPTIMIZATION_LEVEL = 0;
				GCC_PREPROCESSOR_DEFINITIONS = (
					"DEBUG=1",
					"$(inherited)",
				);
				GCC_SYMBOLS_PRIVATE_EXTERN = NO;
				GCC_WARN_64_TO_32_BIT_CONVERSION = YES;
				GCC_WARN_ABOUT_RETURN_TYPE = YES_ERROR;
				GCC_WARN_UNDECLARED_SELECTOR = YES;
				GCC_WARN_UNINITIALIZED_AUTOS = YES_AGGRESSIVE;
				GCC_WARN_UNUSED_FUNCTION = YES;
				GCC_WARN_UNUSED_VARIABLE = YES;
				IPHONEOS_DEPLOYMENT_TARGET = 8.3;
				MTL_ENABLE_DEBUG_INFO = YES;
				ONLY_ACTIVE_ARCH = YES;
				SDKROOT = iphoneos;
				SWIFT_OPTIMIZATION_LEVEL = "-Onone";
			};
			name = Debug;
		};
		485D08741B7D84AA006733DF /* Release */ = {
			isa = XCBuildConfiguration;
			buildSettings = {
				ALWAYS_SEARCH_USER_PATHS = NO;
				CLANG_CXX_LANGUAGE_STANDARD = "gnu++0x";
				CLANG_CXX_LIBRARY = "libc++";
				CLANG_ENABLE_MODULES = YES;
				CLANG_ENABLE_OBJC_ARC = YES;
				CLANG_WARN_BOOL_CONVERSION = YES;
				CLANG_WARN_CONSTANT_CONVERSION = YES;
				CLANG_WARN_DIRECT_OBJC_ISA_USAGE = YES_ERROR;
				CLANG_WARN_EMPTY_BODY = YES;
				CLANG_WARN_ENUM_CONVERSION = YES;
				CLANG_WARN_INT_CONVERSION = YES;
				CLANG_WARN_OBJC_ROOT_CLASS = YES_ERROR;
				CLANG_WARN_UNREACHABLE_CODE = YES;
				CLANG_WARN__DUPLICATE_METHOD_MATCH = YES;
				"CODE_SIGN_IDENTITY[sdk=iphoneos*]" = "iPhone Developer";
				COPY_PHASE_STRIP = NO;
				DEBUG_INFORMATION_FORMAT = "dwarf-with-dsym";
				ENABLE_NS_ASSERTIONS = NO;
				ENABLE_STRICT_OBJC_MSGSEND = YES;
				GCC_C_LANGUAGE_STANDARD = gnu99;
				GCC_NO_COMMON_BLOCKS = YES;
				GCC_WARN_64_TO_32_BIT_CONVERSION = YES;
				GCC_WARN_ABOUT_RETURN_TYPE = YES_ERROR;
				GCC_WARN_UNDECLARED_SELECTOR = YES;
				GCC_WARN_UNINITIALIZED_AUTOS = YES_AGGRESSIVE;
				GCC_WARN_UNUSED_FUNCTION = YES;
				GCC_WARN_UNUSED_VARIABLE = YES;
				IPHONEOS_DEPLOYMENT_TARGET = 8.3;
				MTL_ENABLE_DEBUG_INFO = NO;
				SDKROOT = iphoneos;
				VALIDATE_PRODUCT = YES;
			};
			name = Release;
		};
		485D08761B7D84AA006733DF /* Debug */ = {
			isa = XCBuildConfiguration;
			buildSettings = {
				ASSETCATALOG_COMPILER_APPICON_NAME = AppIcon;
				INFOPLIST_FILE = SMaiSuLang/Info.plist;
				LD_RUNPATH_SEARCH_PATHS = "$(inherited) @executable_path/Frameworks";
				PRODUCT_NAME = "$(TARGET_NAME)";
			};
			name = Debug;
		};
		485D08771B7D84AA006733DF /* Release */ = {
			isa = XCBuildConfiguration;
			buildSettings = {
				ASSETCATALOG_COMPILER_APPICON_NAME = AppIcon;
				INFOPLIST_FILE = SMaiSuLang/Info.plist;
				LD_RUNPATH_SEARCH_PATHS = "$(inherited) @executable_path/Frameworks";
				PRODUCT_NAME = "$(TARGET_NAME)";
			};
			name = Release;
		};
		485D08791B7D84AA006733DF /* Debug */ = {
			isa = XCBuildConfiguration;
			buildSettings = {
				BUNDLE_LOADER = "$(TEST_HOST)";
				FRAMEWORK_SEARCH_PATHS = (
					"$(SDKROOT)/Developer/Library/Frameworks",
					"$(inherited)",
				);
				GCC_PREPROCESSOR_DEFINITIONS = (
					"DEBUG=1",
					"$(inherited)",
				);
				INFOPLIST_FILE = SMaiSuLangTests/Info.plist;
				LD_RUNPATH_SEARCH_PATHS = "$(inherited) @executable_path/Frameworks @loader_path/Frameworks";
				PRODUCT_NAME = "$(TARGET_NAME)";
				TEST_HOST = "$(BUILT_PRODUCTS_DIR)/SMaiSuLang.app/SMaiSuLang";
			};
			name = Debug;
		};
		485D087A1B7D84AA006733DF /* Release */ = {
			isa = XCBuildConfiguration;
			buildSettings = {
				BUNDLE_LOADER = "$(TEST_HOST)";
				FRAMEWORK_SEARCH_PATHS = (
					"$(SDKROOT)/Developer/Library/Frameworks",
					"$(inherited)",
				);
				INFOPLIST_FILE = SMaiSuLangTests/Info.plist;
				LD_RUNPATH_SEARCH_PATHS = "$(inherited) @executable_path/Frameworks @loader_path/Frameworks";
				PRODUCT_NAME = "$(TARGET_NAME)";
				TEST_HOST = "$(BUILT_PRODUCTS_DIR)/SMaiSuLang.app/SMaiSuLang";
			};
			name = Release;
		};
/* End XCBuildConfiguration section */

/* Begin XCConfigurationList section */
		485D08511B7D84A9006733DF /* Build configuration list for PBXProject "SMaiSuLang" */ = {
			isa = XCConfigurationList;
			buildConfigurations = (
				485D08731B7D84AA006733DF /* Debug */,
				485D08741B7D84AA006733DF /* Release */,
			);
			defaultConfigurationIsVisible = 0;
			defaultConfigurationName = Release;
		};
		485D08751B7D84AA006733DF /* Build configuration list for PBXNativeTarget "SMaiSuLang" */ = {
			isa = XCConfigurationList;
			buildConfigurations = (
				485D08761B7D84AA006733DF /* Debug */,
				485D08771B7D84AA006733DF /* Release */,
			);
			defaultConfigurationIsVisible = 0;
			defaultConfigurationName = Release;
		};
		485D08781B7D84AA006733DF /* Build configuration list for PBXNativeTarget "SMaiSuLangTests" */ = {
			isa = XCConfigurationList;
			buildConfigurations = (
				485D08791B7D84AA006733DF /* Debug */,
				485D087A1B7D84AA006733DF /* Release */,
			);
			defaultConfigurationIsVisible = 0;
			defaultConfigurationName = Release;
		};
/* End XCConfigurationList section */
	};
	rootObject = 485D084E1B7D84A9006733DF /* Project object */;
}
